github.com/XANi/loremipsum v1.1.0 h1:pNqL9b0ORlhmlhGPXggwOPe7NifWoQPZmqohLCx04z8=
github.com/XANi/loremipsum v1.1.0/go.mod h1:5W6tlNr1vBCP1dzk36OtF+6e3kWMk06fbgbjS7lspyM=
github.com/joho/godotenv v1.5.1 h1:7eLL/+HRGLY0ldzfGMeQkb7vMd0as4CfYvUVzLqw0N0=
github.com/joho/godotenv v1.5.1/go.mod h1:f4LDr5Voq0i2e/R5DDNOoa2zzDfwtkZa6DnEwAbqwq4=
gopkg.in/loremipsum.v1 v1.1.2 h1:12APklfJKuGszqZsrArW5QoQh03/W+qyCCjvnDuS6Tw=
gopkg.in/loremipsum.v1 v1.1.2/go.mod h1:TuRvzFuzuejXj+odBU6Tubp/EPUyGb9wmSvHenyP2Ts=
